{
  "nodes": {
    "nixpkgs": {
      "locked": {
        "lastModified": 1601475821,
        "narHash": "sha256-7AI8j/xq5slauMGwC3Dp2K9TKDyDtBXBebeyWsE9euE=",
        "owner": "Nixos",
        "repo": "nixpkgs",
        "rev": "b4db68ff563895eea6aab4ff24fa04ef403dfe14",
        "type": "github"
      },
      "original": {
        "owner": "Nixos",
        "ref": "nixos-20.03",
        "repo": "nixpkgs",
        "type": "github"
      }
    },
    "root": {
      "inputs": {
        "nixpkgs": "nixpkgs"
      }
    }
  },
  "root": "root",
  "version": 7
}
